
Microsoft Visual Studio Solution File, Format Version 12.00
# Visual Studio Version 16
VisualStudioVersion = 16.0.29609.76
MinimumVisualStudioVersion = 10.0.40219.1
Project("{9A19103F-16F7-4668-BE54-9A1E7A4F7556}") = "CO453_Part_A", "Classwork - Task 4.1 Converter\CO453_Part_A.csproj", "{47F71040-1314-4181-8CF4-9861175465BC}"
EndProject
Global
	GlobalSection(SolutionConfigurationPlatforms) = preSolution
		Debug|Any CPU = Debug|Any CPU
		Release|Any CPU = Release|Any CPU
	EndGlobalSection
	GlobalSection(ProjectConfigurationPlatforms) = postSolution
		{47F71040-1314-4181-8CF4-9861175465BC}.Debug|Any CPU.ActiveCfg = Debug|Any CPU
		{47F71040-1314-4181-8CF4-9861175465BC}.Debug|Any CPU.Build.0 = Debug|Any CPU
		{47F71040-1314-4181-8CF4-9861175465BC}.Release|Any CPU.ActiveCfg = Release|Any CPU
		{47F71040-1314-4181-8CF4-9861175465BC}.Release|Any CPU.Build.0 = Release|Any CPU
	EndGlobalSection
	GlobalSection(SolutionProperties) = preSolution
		HideSolutionNode = FALSE
	EndGlobalSection
	GlobalSection(ExtensibilityGlobals) = postSolution
		SolutionGuid = {A7E108B8-8DC5-4C24-BA9B-B4A6C1BD49BA}
	EndGlobalSection
EndGlobal
